
Microsoft Visual Studio Solution File, Format Version 12.00
# Visual Studio Version 17
VisualStudioVersion = 17.4.33213.308
MinimumVisualStudioVersion = 10.0.40219.1
Project("{FAE04EC0-301F-11D3-BF4B-00C04F79EFBC}") = "QL_TrungTamTiengAnh", "QL_TrungTamTiengAnh\QL_TrungTamTiengAnh.csproj", "{4AB61C3D-D219-497B-A369-907F9E526A31}"
EndProject
Global
	GlobalSection(SolutionConfigurationPlatforms) = preSolution
		Debug|Any CPU = Debug|Any CPU
		Release|Any CPU = Release|Any CPU
	EndGlobalSection
	GlobalSection(ProjectConfigurationPlatforms) = postSolution
		{4AB61C3D-D219-497B-A369-907F9E526A31}.Debug|Any CPU.ActiveCfg = Debug|Any CPU
		{4AB61C3D-D219-497B-A369-907F9E526A31}.Debug|Any CPU.Build.0 = Debug|Any CPU
		{4AB61C3D-D219-497B-A369-907F9E526A31}.Release|Any CPU.ActiveCfg = Release|Any CPU
		{4AB61C3D-D219-497B-A369-907F9E526A31}.Release|Any CPU.Build.0 = Release|Any CPU
	EndGlobalSection
	GlobalSection(SolutionProperties) = preSolution
		HideSolutionNode = FALSE
	EndGlobalSection
	GlobalSection(ExtensibilityGlobals) = postSolution
		SolutionGuid = {37E1587F-ECEB-4318-B3CD-BE71929D5DAE}
	EndGlobalSection
EndGlobal
